Microsoft Visual Studio Solution File, Format Version 12.00
# Visual Studio Version 16
VisualStudioVersion = 16.0.28803.352
MinimumVisualStudioVersion = 10.0.40219.1
Project("{9A19103F-16F7-4668-BE54-9A1E7A4F7556}") = "RedCorners.Forms.GoogleMaps", "RedCorners.Forms.GoogleMaps\RedCorners.Forms.GoogleMaps.csproj", "{6DCE5EE6-FBC8-43E1-9359-004764D17502}"
EndProject
Project("{FAE04EC0-301F-11D3-BF4B-00C04F79EFBC}") = "RedCorners.Forms.GoogleMaps.iOS", "RedCorners.Forms.GoogleMaps.iOS\RedCorners.Forms.GoogleMaps.iOS.csproj", "{FCFA8F9A-6E8E-4F9B-9026-E562C9B6473B}"
EndProject
Project("{FAE04EC0-301F-11D3-BF4B-00C04F79EFBC}") = "RedCorners.Forms.GoogleMaps.Android", "RedCorners.Forms.GoogleMaps.Android\RedCorners.Forms.GoogleMaps.Android.csproj", "{03F8D9B4-DECD-462E-A845-F947F6976FBB}"
EndProject
Global
	GlobalSection(SolutionConfigurationPlatforms) = preSolution
		Debug|Any CPU = Debug|Any CPU
		Release|Any CPU = Release|Any CPU
	EndGlobalSection
	GlobalSection(ProjectConfigurationPlatforms) = postSolution
		{6DCE5EE6-FBC8-43E1-9359-004764D17502}.Debug|Any CPU.ActiveCfg = Debug|Any CPU
		{6DCE5EE6-FBC8-43E1-9359-004764D17502}.Debug|Any CPU.Build.0 = Debug|Any CPU
		{6DCE5EE6-FBC8-43E1-9359-004764D17502}.Release|Any CPU.ActiveCfg = Release|Any CPU
		{6DCE5EE6-FBC8-43E1-9359-004764D17502}.Release|Any CPU.Build.0 = Release|Any CPU
		{FCFA8F9A-6E8E-4F9B-9026-E562C9B6473B}.Debug|Any CPU.ActiveCfg = Debug|Any CPU
		{FCFA8F9A-6E8E-4F9B-9026-E562C9B6473B}.Debug|Any CPU.Build.0 = Debug|Any CPU
		{FCFA8F9A-6E8E-4F9B-9026-E562C9B6473B}.Release|Any CPU.ActiveCfg = Release|Any CPU
		{FCFA8F9A-6E8E-4F9B-9026-E562C9B6473B}.Release|Any CPU.Build.0 = Release|Any CPU
		{03F8D9B4-DECD-462E-A845-F947F6976FBB}.Debug|Any CPU.ActiveCfg = Debug|Any CPU
		{03F8D9B4-DECD-462E-A845-F947F6976FBB}.Debug|Any CPU.Build.0 = Debug|Any CPU
		{03F8D9B4-DECD-462E-A845-F947F6976FBB}.Release|Any CPU.ActiveCfg = Release|Any CPU
		{03F8D9B4-DECD-462E-A845-F947F6976FBB}.Release|Any CPU.Build.0 = Release|Any CPU
	EndGlobalSection
	GlobalSection(SolutionProperties) = preSolution
		HideSolutionNode = FALSE
	EndGlobalSection
	GlobalSection(ExtensibilityGlobals) = postSolution
		SolutionGuid = {DCD34B63-879C-4B1A-9DF8-D81A58F19017}
	EndGlobalSection
EndGlobal
